// !$*UTF8*$!
{
	archiveVersion = 1;
	classes = {
	};
	objectVersion = 50;
	objects = {

/* Begin PBXBuildFile section */
		9E5B031A26E5EC0B00EB2CF9 /* DetailsViewController.swift in Sources */ = {isa = PBXBuildFile; fileRef = 9E5B031926E5EC0B00EB2CF9 /* DetailsViewController.swift */; };
		9E5E2ADD26E4E9AF0079F2F3 /* AppDelegate.swift in Sources */ = {isa = PBXBuildFile; fileRef = 9E5E2ADC26E4E9AF0079F2F3 /* AppDelegate.swift */; };
		9E5E2ADF26E4E9AF0079F2F3 /* SceneDelegate.swift in Sources */ = {isa = PBXBuildFile; fileRef = 9E5E2ADE26E4E9AF0079F2F3 /* SceneDelegate.swift */; };
		9E5E2AE126E4E9AF0079F2F3 /* ViewController.swift in Sources */ = {isa = PBXBuildFile; fileRef = 9E5E2AE026E4E9AF0079F2F3 /* ViewController.swift */; };
		9E5E2AE426E4E9AF0079F2F3 /* Main.storyboard in Resources */ = {isa = PBXBuildFile; fileRef = 9E5E2AE226E4E9AF0079F2F3 /* Main.storyboard */; };
		9E5E2AE626E4E9B20079F2F3 /* Assets.xcassets in Resources */ = {isa = PBXBuildFile; fileRef = 9E5E2AE526E4E9B20079F2F3 /* Assets.xcassets */; };
		9E5E2AE926E4E9B20079F2F3 /* LaunchScreen.storyboard in Resources */ = {isa = PBXBuildFile; fileRef = 9E5E2AE726E4E9B20079F2F3 /* LaunchScreen.storyboard */; };
		9E5E2B2D26E501900079F2F3 /* France.png in Resources */ = {isa = PBXBuildFile; fileRef = 9E5E2B2126E501900079F2F3 /* France.png */; };
		9E5E2B2E26E501900079F2F3 /* Ireland.png in Resources */ = {isa = PBXBuildFile; fileRef = 9E5E2B2226E501900079F2F3 /* Ireland.png */; };
		9E5E2B2F26E501900079F2F3 /* UK.png in Resources */ = {isa = PBXBuildFile; fileRef = 9E5E2B2326E501900079F2F3 /* UK.png */; };
		9E5E2B3126E501900079F2F3 /* Estonia.png in Resources */ = {isa = PBXBuildFile; fileRef = 9E5E2B2526E501900079F2F3 /* Estonia.png */; };
		9E5E2B3226E501900079F2F3 /* Russia.png in Resources */ = {isa = PBXBuildFile; fileRef = 9E5E2B2626E501900079F2F3 /* Russia.png */; };
		9E5E2B3326E501900079F2F3 /* Spain.png in Resources */ = {isa = PBXBuildFile; fileRef = 9E5E2B2726E501900079F2F3 /* Spain.png */; };
		9E5E2B3426E501900079F2F3 /* Italy.png in Resources */ = {isa = PBXBuildFile; fileRef = 9E5E2B2826E501900079F2F3 /* Italy.png */; };
		9E5E2B3526E501900079F2F3 /* US.png in Resources */ = {isa = PBXBuildFile; fileRef = 9E5E2B2926E501900079F2F3 /* US.png */; };
		9E5E2B3626E501900079F2F3 /* Poland.png in Resources */ = {isa = PBXBuildFile; fileRef = 9E5E2B2A26E501900079F2F3 /* Poland.png */; };
		9E5E2B3726E501900079F2F3 /* Nigeria.png in Resources */ = {isa = PBXBuildFile; fileRef = 9E5E2B2B26E501900079F2F3 /* Nigeria.png */; };
		9E5E2B3826E501900079F2F3 /* Germany.png in Resources */ = {isa = PBXBuildFile; fileRef = 9E5E2B2C26E501900079F2F3 /* Germany.png */; };
		9E5E2B3A26E501EE0079F2F3 /* Monaco.png in Resources */ = {isa = PBXBuildFile; fileRef = 9E5E2B3926E501EE0079F2F3 /* Monaco.png */; };
/* End PBXBuildFile section */

/* Begin PBXFileReference section */
		9E5B031926E5EC0B00EB2CF9 /* DetailsViewController.swift */ = {isa = PBXFileReference; lastKnownFileType = sourcecode.swift; path = DetailsViewController.swift; sourceTree = "<group>"; };
		9E5E2AD926E4E9AF0079F2F3 /* ProjectRecap1-3.app */ = {isa = PBXFileReference; explicitFileType = wrapper.application; includeInIndex = 0; path = "ProjectRecap1-3.app"; sourceTree = BUILT_PRODUCTS_DIR; };
		9E5E2ADC26E4E9AF0079F2F3 /* AppDelegate.swift */ = {isa = PBXFileReference; lastKnownFileType = sourcecode.swift; path = AppDelegate.swift; sourceTree = "<group>"; };
		9E5E2ADE26E4E9AF0079F2F3 /* SceneDelegate.swift */ = {isa = PBXFileReference; lastKnownFileType = sourcecode.swift; path = SceneDelegate.swift; sourceTree = "<group>"; };
		9E5E2AE026E4E9AF0079F2F3 /* ViewController.swift */ = {isa = PBXFileReference; lastKnownFileType = sourcecode.swift; path = ViewController.swift; sourceTree = "<group>"; };
		9E5E2AE326E4E9AF0079F2F3 /* Base */ = {isa = PBXFileReference; lastKnownFileType = file.storyboard; name = Base; path = Base.lproj/Main.storyboard; sourceTree = "<group>"; };
		9E5E2AE526E4E9B20079F2F3 /* Assets.xcassets */ = {isa = PBXFileReference; lastKnownFileType = folder.assetcatalog; path = Assets.xcassets; sourceTree = "<group>"; };
		9E5E2AE826E4E9B20079F2F3 /* Base */ = {isa = PBXFileReference; lastKnownFileType = file.storyboard; name = Base; path = Base.lproj/LaunchScreen.storyboard; sourceTree = "<group>"; };
		9E5E2AEA26E4E9B20079F2F3 /* Info.plist */ = {isa = PBXFileReference; lastKnownFileType = text.plist.xml; path = Info.plist; sourceTree = "<group>"; };
		9E5E2B2126E501900079F2F3 /* France.png */ = {isa = PBXFileReference; lastKnownFileType = image.png; path = France.png; sourceTree = "<group>"; };
		9E5E2B2226E501900079F2F3 /* Ireland.png */ = {isa = PBXFileReference; lastKnownFileType = image.png; path = Ireland.png; sourceTree = "<group>"; };
		9E5E2B2326E501900079F2F3 /* UK.png */ = {isa = PBXFileReference; lastKnownFileType = image.png; path = UK.png; sourceTree = "<group>"; };
		9E5E2B2526E501900079F2F3 /* Estonia.png */ = {isa = PBXFileReference; lastKnownFileType = image.png; path = Estonia.png; sourceTree = "<group>"; };
		9E5E2B2626E501900079F2F3 /* Russia.png */ = {isa = PBXFileReference; lastKnownFileType = image.png; path = Russia.png; sourceTree = "<group>"; };
		9E5E2B2726E501900079F2F3 /* Spain.png */ = {isa = PBXFileReference; lastKnownFileType = image.png; path = Spain.png; sourceTree = "<group>"; };
		9E5E2B2826E501900079F2F3 /* Italy.png */ = {isa = PBXFileReference; lastKnownFileType = image.png; path = Italy.png; sourceTree = "<group>"; };
		9E5E2B2926E501900079F2F3 /* US.png */ = {isa = PBXFileReference; lastKnownFileType = image.png; path = US.png; sourceTree = "<group>"; };
		9E5E2B2A26E501900079F2F3 /* Poland.png */ = {isa = PBXFileReference; lastKnownFileType = image.png; path = Poland.png; sourceTree = "<group>"; };
		9E5E2B2B26E501900079F2F3 /* Nigeria.png */ = {isa = PBXFileReference; lastKnownFileType = image.png; path = Nigeria.png; sourceTree = "<group>"; };
		9E5E2B2C26E501900079F2F3 /* Germany.png */ = {isa = PBXFileReference; lastKnownFileType = image.png; path = Germany.png; sourceTree = "<group>"; };
		9E5E2B3926E501EE0079F2F3 /* Monaco.png */ = {isa = PBXFileReference; lastKnownFileType = image.png; path = Monaco.png; sourceTree = "<group>"; };
/* End PBXFileReference section */

/* Begin PBXFrameworksBuildPhase section */
		9E5E2AD626E4E9AF0079F2F3 /* Frameworks */ = {
			isa = PBXFrameworksBuildPhase;
			buildActionMask = 2147483647;
			files = (
			);
			runOnlyForDeploymentPostprocessing = 0;
		};
/* End PBXFrameworksBuildPhase section */

/* Begin PBXGroup section */
		9E5E2AD026E4E9AF0079F2F3 = {
			isa = PBXGroup;
			children = (
				9E5E2ADB26E4E9AF0079F2F3 /* ProjectRecap1-3 */,
				9E5E2ADA26E4E9AF0079F2F3 /* Products */,
			);
			sourceTree = "<group>";
		};
		9E5E2ADA26E4E9AF0079F2F3 /* Products */ = {
			isa = PBXGroup;
			children = (
				9E5E2AD926E4E9AF0079F2F3 /* ProjectRecap1-3.app */,
			);
			name = Products;
			sourceTree = "<group>";
		};
		9E5E2ADB26E4E9AF0079F2F3 /* ProjectRecap1-3 */ = {
			isa = PBXGroup;
			children = (
				9E5E2AF026E500210079F2F3 /* Flag */,
				9E5E2ADC26E4E9AF0079F2F3 /* AppDelegate.swift */,
				9E5E2ADE26E4E9AF0079F2F3 /* SceneDelegate.swift */,
				9E5E2AE026E4E9AF0079F2F3 /* ViewController.swift */,
				9E5E2AE226E4E9AF0079F2F3 /* Main.storyboard */,
				9E5E2AE526E4E9B20079F2F3 /* Assets.xcassets */,
				9E5E2AE726E4E9B20079F2F3 /* LaunchScreen.storyboard */,
				9E5E2AEA26E4E9B20079F2F3 /* Info.plist */,
				9E5B031926E5EC0B00EB2CF9 /* DetailsViewController.swift */,
			);
			path = "ProjectRecap1-3";
			sourceTree = "<group>";
		};
		9E5E2AF026E500210079F2F3 /* Flag */ = {
			isa = PBXGroup;
			children = (
				9E5E2B3926E501EE0079F2F3 /* Monaco.png */,
				9E5E2B2526E501900079F2F3 /* Estonia.png */,
				9E5E2B2126E501900079F2F3 /* France.png */,
				9E5E2B2C26E501900079F2F3 /* Germany.png */,
				9E5E2B2226E501900079F2F3 /* Ireland.png */,
				9E5E2B2826E501900079F2F3 /* Italy.png */,
				9E5E2B2B26E501900079F2F3 /* Nigeria.png */,
				9E5E2B2A26E501900079F2F3 /* Poland.png */,
				9E5E2B2626E501900079F2F3 /* Russia.png */,
				9E5E2B2726E501900079F2F3 /* Spain.png */,
				9E5E2B2326E501900079F2F3 /* UK.png */,
				9E5E2B2926E501900079F2F3 /* US.png */,
			);
			path = Flag;
			sourceTree = "<group>";
		};
/* End PBXGroup section */

/* Begin PBXNativeTarget section */
		9E5E2AD826E4E9AF0079F2F3 /* ProjectRecap1-3 */ = {
			isa = PBXNativeTarget;
			buildConfigurationList = 9E5E2AED26E4E9B20079F2F3 /* Build configuration list for PBXNativeTarget "ProjectRecap1-3" */;
			buildPhases = (
				9E5E2AD526E4E9AF0079F2F3 /* Sources */,
				9E5E2AD626E4E9AF0079F2F3 /* Frameworks */,
				9E5E2AD726E4E9AF0079F2F3 /* Resources */,
			);
			buildRules = (
			);
			dependencies = (
			);
			name = "ProjectRecap1-3";
			productName = "ProjectRecap1-3";
			productReference = 9E5E2AD926E4E9AF0079F2F3 /* ProjectRecap1-3.app */;
			productType = "com.apple.product-type.application";
		};
/* End PBXNativeTarget section */

/* Begin PBXProject section */
		9E5E2AD126E4E9AF0079F2F3 /* Project object */ = {
			isa = PBXProject;
			attributes = {
				LastSwiftUpdateCheck = 1250;
				LastUpgradeCheck = 1250;
				TargetAttributes = {
					9E5E2AD826E4E9AF0079F2F3 = {
						CreatedOnToolsVersion = 12.5.1;
					};
				};
			};
			buildConfigurationList = 9E5E2AD426E4E9AF0079F2F3 /* Build configuration list for PBXProject "ProjectRecap1-3" */;
			compatibilityVersion = "Xcode 9.3";
			developmentRegion = en;
			hasScannedForEncodings = 0;
			knownRegions = (
				en,
				Base,
			);
			mainGroup = 9E5E2AD026E4E9AF0079F2F3;
			productRefGroup = 9E5E2ADA26E4E9AF0079F2F3 /* Products */;
			projectDirPath = "";
			projectRoot = "";
			targets = (
				9E5E2AD826E4E9AF0079F2F3 /* ProjectRecap1-3 */,
			);
		};
/* End PBXProject section */

/* Begin PBXResourcesBuildPhase section */
		9E5E2AD726E4E9AF0079F2F3 /* Resources */ = {
			isa = PBXResourcesBuildPhase;
			buildActionMask = 2147483647;
			files = (
				9E5E2B3626E501900079F2F3 /* Poland.png in Resources */,
				9E5E2B3126E501900079F2F3 /* Estonia.png in Resources */,
				9E5E2B2F26E501900079F2F3 /* UK.png in Resources */,
				9E5E2AE926E4E9B20079F2F3 /* LaunchScreen.storyboard in Resources */,
				9E5E2B3526E501900079F2F3 /* US.png in Resources */,
				9E5E2B3A26E501EE0079F2F3 /* Monaco.png in Resources */,
				9E5E2B3726E501900079F2F3 /* Nigeria.png in Resources */,
				9E5E2B3326E501900079F2F3 /* Spain.png in Resources */,
				9E5E2B3826E501900079F2F3 /* Germany.png in Resources */,
				9E5E2AE626E4E9B20079F2F3 /* Assets.xcassets in Resources */,
				9E5E2AE426E4E9AF0079F2F3 /* Main.storyboard in Resources */,
				9E5E2B2D26E501900079F2F3 /* France.png in Resources */,
				9E5E2B3426E501900079F2F3 /* Italy.png in Resources */,
				9E5E2B2E26E501900079F2F3 /* Ireland.png in Resources */,
				9E5E2B3226E501900079F2F3 /* Russia.png in Resources */,
			);
			runOnlyForDeploymentPostprocessing = 0;
		};
/* End PBXResourcesBuildPhase section */

/* Begin PBXSourcesBuildPhase section */
		9E5E2AD526E4E9AF0079F2F3 /* Sources */ = {
			isa = PBXSourcesBuildPhase;
			buildActionMask = 2147483647;
			files = (
				9E5E2AE126E4E9AF0079F2F3 /* ViewController.swift in Sources */,
				9E5E2ADD26E4E9AF0079F2F3 /* AppDelegate.swift in Sources */,
				9E5E2ADF26E4E9AF0079F2F3 /* SceneDelegate.swift in Sources */,
				9E5B031A26E5EC0B00EB2CF9 /* DetailsViewController.swift in Sources */,
			);
			runOnlyForDeploymentPostprocessing = 0;
		};
/* End PBXSourcesBuildPhase section */

/* Begin PBXVariantGroup section */
		9E5E2AE226E4E9AF0079F2F3 /* Main.storyboard */ = {
			isa = PBXVariantGroup;
			children = (
				9E5E2AE326E4E9AF0079F2F3 /* Base */,
			);
			name = Main.storyboard;
			sourceTree = "<group>";
		};
		9E5E2AE726E4E9B20079F2F3 /* LaunchScreen.storyboard */ = {
			isa = PBXVariantGroup;
			children = (
				9E5E2AE826E4E9B20079F2F3 /* Base */,
			);
			name = LaunchScreen.storyboard;
			sourceTree = "<group>";
		};
/* End PBXVariantGroup section */

/* Begin XCBuildConfiguration section */
		9E5E2AEB26E4E9B20079F2F3 /* Debug */ = {
			isa = XCBuildConfiguration;
			buildSettings = {
				ALWAYS_SEARCH_USER_PATHS = NO;
				CLANG_ANALYZER_NONNULL = YES;
				CLANG_ANALYZER_NUMBER_OBJECT_CONVERSION = YES_AGGRESSIVE;
				CLANG_CXX_LANGUAGE_STANDARD = "gnu++14";
				CLANG_CXX_LIBRARY = "libc++";
				CLANG_ENABLE_MODULES = YES;
				CLANG_ENABLE_OBJC_ARC = YES;
				CLANG_ENABLE_OBJC_WEAK = YES;
				CLANG_WARN_BLOCK_CAPTURE_AUTORELEASING = YES;
				CLANG_WARN_BOOL_CONVERSION = YES;
				CLANG_WARN_COMMA = YES;
				CLANG_WARN_CONSTANT_CONVERSION = YES;
				CLANG_WARN_DEPRECATED_OBJC_IMPLEMENTATIONS = YES;
				CLANG_WARN_DIRECT_OBJC_ISA_USAGE = YES_ERROR;
				CLANG_WARN_DOCUMENTATION_COMMENTS = YES;
				CLANG_WARN_EMPTY_BODY = YES;
				CLANG_WARN_ENUM_CONVERSION = YES;
				CLANG_WARN_INFINITE_RECURSION = YES;
				CLANG_WARN_INT_CONVERSION = YES;
				CLANG_WARN_NON_LITERAL_NULL_CONVERSION = YES;
				CLANG_WARN_OBJC_IMPLICIT_RETAIN_SELF = YES;
				CLANG_WARN_OBJC_LITERAL_CONVERSION = YES;
				CLANG_WARN_OBJC_ROOT_CLASS = YES_ERROR;
				CLANG_WARN_QUOTED_INCLUDE_IN_FRAMEWORK_HEADER = YES;
				CLANG_WARN_RANGE_LOOP_ANALYSIS = YES;
				CLANG_WARN_STRICT_PROTOTYPES = YES;
				CLANG_WARN_SUSPICIOUS_MOVE = YES;
				CLANG_WARN_UNGUARDED_AVAILABILITY = YES_AGGRESSIVE;
				CLANG_WARN_UNREACHABLE_CODE = YES;
				CLANG_WARN__DUPLICATE_METHOD_MATCH = YES;
				COPY_PHASE_STRIP = NO;
				DEBUG_INFORMATION_FORMAT = dwarf;
				ENABLE_STRICT_OBJC_MSGSEND = YES;
				ENABLE_TESTABILITY = YES;
				GCC_C_LANGUAGE_STANDARD = gnu11;
				GCC_DYNAMIC_NO_PIC = NO;
				GCC_NO_COMMON_BLOCKS = YES;
				GCC_OPTIMIZATION_LEVEL = 0;
				GCC_PREPROCESSOR_DEFINITIONS = (
					"DEBUG=1",
					"$(inherited)",
				);
				GCC_WARN_64_TO_32_BIT_CONVERSION = YES;
				GCC_WARN_ABOUT_RETURN_TYPE = YES_ERROR;
				GCC_WARN_UNDECLARED_SELECTOR = YES;
				GCC_WARN_UNINITIALIZED_AUTOS = YES_AGGRESSIVE;
				GCC_WARN_UNUSED_FUNCTION = YES;
				GCC_WARN_UNUSED_VARIABLE = YES;
				IPHONEOS_DEPLOYMENT_TARGET = 14.5;
				MTL_ENABLE_DEBUG_INFO = INCLUDE_SOURCE;
				MTL_FAST_MATH = YES;
				ONLY_ACTIVE_ARCH = YES;
				SDKROOT = iphoneos;
				SWIFT_ACTIVE_COMPILATION_CONDITIONS = DEBUG;
				SWIFT_OPTIMIZATION_LEVEL = "-Onone";
			};
			name = Debug;
		};
		9E5E2AEC26E4E9B20079F2F3 /* Release */ = {
			isa = XCBuildConfiguration;
			buildSettings = {
				ALWAYS_SEARCH_USER_PATHS = NO;
				CLANG_ANALYZER_NONNULL = YES;
				CLANG_ANALYZER_NUMBER_OBJECT_CONVERSION = YES_AGGRESSIVE;
				CLANG_CXX_LANGUAGE_STANDARD = "gnu++14";
				CLANG_CXX_LIBRARY = "libc++";
				CLANG_ENABLE_MODULES = YES;
				CLANG_ENABLE_OBJC_ARC = YES;
				CLANG_ENABLE_OBJC_WEAK = YES;
				CLANG_WARN_BLOCK_CAPTURE_AUTORELEASING = YES;
				CLANG_WARN_BOOL_CONVERSION = YES;
				CLANG_WARN_COMMA = YES;
				CLANG_WARN_CONSTANT_CONVERSION = YES;
				CLANG_WARN_DEPRECATED_OBJC_IMPLEMENTATIONS = YES;
				CLANG_WARN_DIRECT_OBJC_ISA_USAGE = YES_ERROR;
				CLANG_WARN_DOCUMENTATION_COMMENTS = YES;
				CLANG_WARN_EMPTY_BODY = YES;
				CLANG_WARN_ENUM_CONVERSION = YES;
				CLANG_WARN_INFINITE_RECURSION = YES;
				CLANG_WARN_INT_CONVERSION = YES;
				CLANG_WARN_NON_LITERAL_NULL_CONVERSION = YES;
				CLANG_WARN_OBJC_IMPLICIT_RETAIN_SELF = YES;
				CLANG_WARN_OBJC_LITERAL_CONVERSION = YES;
				CLANG_WARN_OBJC_ROOT_CLASS = YES_ERROR;
				CLANG_WARN_QUOTED_INCLUDE_IN_FRAMEWORK_HEADER = YES;
				CLANG_WARN_RANGE_LOOP_ANALYSIS = YES;
				CLANG_WARN_STRICT_PROTOTYPES = YES;
				CLANG_WARN_SUSPICIOUS_MOVE = YES;
				CLANG_WARN_UNGUARDED_AVAILABILITY = YES_AGGRESSIVE;
				CLANG_WARN_UNREACHABLE_CODE = YES;
				CLANG_WARN__DUPLICATE_METHOD_MATCH = YES;
				COPY_PHASE_STRIP = NO;
				DEBUG_INFORMATION_FORMAT = "dwarf-with-dsym";
				ENABLE_NS_ASSERTIONS = NO;
				ENABLE_STRICT_OBJC_MSGSEND = YES;
				GCC_C_LANGUAGE_STANDARD = gnu11;
				GCC_NO_COMMON_BLOCKS = YES;
				GCC_WARN_64_TO_32_BIT_CONVERSION = YES;
				GCC_WARN_ABOUT_RETURN_TYPE = YES_ERROR;
				GCC_WARN_UNDECLARED_SELECTOR = YES;
				GCC_WARN_UNINITIALIZED_AUTOS = YES_AGGRESSIVE;
				GCC_WARN_UNUSED_FUNCTION = YES;
				GCC_WARN_UNUSED_VARIABLE = YES;
				IPHONEOS_DEPLOYMENT_TARGET = 14.5;
				MTL_ENABLE_DEBUG_INFO = NO;
				MTL_FAST_MATH = YES;
				SDKROOT = iphoneos;
				SWIFT_COMPILATION_MODE = wholemodule;
				SWIFT_OPTIMIZATION_LEVEL = "-O";
				VALIDATE_PRODUCT = YES;
			};
			name = Release;
		};
		9E5E2AEE26E4E9B20079F2F3 /* Debug */ = {
			isa = XCBuildConfiguration;
			buildSettings = {
				ASSETCATALOG_COMPILER_APPICON_NAME = AppIcon;
				ASSETCATALOG_COMPILER_GLOBAL_ACCENT_COLOR_NAME = AccentColor;
				CODE_SIGN_STYLE = Automatic;
				INFOPLIST_FILE = "ProjectRecap1-3/Info.plist";
				LD_RUNPATH_SEARCH_PATHS = (
					"$(inherited)",
					"@executable_path/Frameworks",
				);
				PRODUCT_BUNDLE_IDENTIFIER = "ml.paul-louis.ProjectRecap1-3";
				PRODUCT_NAME = "$(TARGET_NAME)";
				SWIFT_VERSION = 5.0;
				TARGETED_DEVICE_FAMILY = "1,2";
			};
			name = Debug;
		};
		9E5E2AEF26E4E9B20079F2F3 /* Release */ = {
			isa = XCBuildConfiguration;
			buildSettings = {
				ASSETCATALOG_COMPILER_APPICON_NAME = AppIcon;
				ASSETCATALOG_COMPILER_GLOBAL_ACCENT_COLOR_NAME = AccentColor;
				CODE_SIGN_STYLE = Automatic;
				INFOPLIST_FILE = "ProjectRecap1-3/Info.plist";
				LD_RUNPATH_SEARCH_PATHS = (
					"$(inherited)",
					"@executable_path/Frameworks",
				);
				PRODUCT_BUNDLE_IDENTIFIER = "ml.paul-louis.ProjectRecap1-3";
				PRODUCT_NAME = "$(TARGET_NAME)";
				SWIFT_VERSION = 5.0;
				TARGETED_DEVICE_FAMILY = "1,2";
			};
			name = Release;
		};
/* End XCBuildConfiguration section */

/* Begin XCConfigurationList section */
		9E5E2AD426E4E9AF0079F2F3 /* Build configuration list for PBXProject "ProjectRecap1-3" */ = {
			isa = XCConfigurationList;
			buildConfigurations = (
				9E5E2AEB26E4E9B20079F2F3 /* Debug */,
				9E5E2AEC26E4E9B20079F2F3 /* Release */,
			);
			defaultConfigurationIsVisible = 0;
			defaultConfigurationName = Release;
		};
		9E5E2AED26E4E9B20079F2F3 /* Build configuration list for PBXNativeTarget "ProjectRecap1-3" */ = {
			isa = XCConfigurationList;
			buildConfigurations = (
				9E5E2AEE26E4E9B20079F2F3 /* Debug */,
				9E5E2AEF26E4E9B20079F2F3 /* Release */,
			);
			defaultConfigurationIsVisible = 0;
			defaultConfigurationName = Release;
		};
/* End XCConfigurationList section */
	};
	rootObject = 9E5E2AD126E4E9AF0079F2F3 /* Project object */;
}
